{
  "name": "panda-pos-printer-agent",
  "version": "1.0.4",
  "lockfileVersion": 2,
  "requires": true,
  "packages": {
    "": {
      "name": "panda-pos-printer-agent",
      "version": "1.0.4",
      "hasInstallScript": true,
      "license": "MIT",
      "dependencies": {
        "@node-escpos/usb-adapter": "^0.3.1"
      }
    },
    "node_modules/@node-escpos/adapter": {
      "version": "0.0.1",
      "resolved": "https://registry.npmjs.org/@node-escpos/adapter/-/adapter-0.0.1.tgz",
      "integrity": "sha512-I1RT6GjwxkzqCZBJ27XVDvSwPEzpP4aPJfjWCym5LY2Zj1o+fSXcIOMnR/U5cp4FZTFfERFcQpkDvMAHu+qnHA==",
      "dependencies": {
        "eventemitter3": "^4.0.7"
      },
      "funding": {
        "url": "https://github.com/sponsors/dohooo"
      }
    },
    "node_modules/@node-escpos/usb-adapter": {
      "version": "0.3.1",
      "resolved": "https://registry.npmjs.org/@node-escpos/usb-adapter/-/usb-adapter-0.3.1.tgz",
      "integrity": "sha512-n1e3k73nN6RJAmbRNSrVD3zjlkFvDiXB9u2UsH4V2UxSqU4FFbBO6zn3aVMFJU/SAoIa5GWZqBnRvaH/Q9DAZw==",
      "dependencies": {
        "@node-escpos/adapter": "0.0.1",
        "usb": "*"
      },
      "funding": {
        "url": "https://github.com/sponsors/dohooo"
      }
    },
    "node_modules/@types/w3c-web-usb": {
      "version": "1.0.8",
      "resolved": "https://registry.npmjs.org/@types/w3c-web-usb/-/w3c-web-usb-1.0.8.tgz",
      "integrity": "sha512-ouEoUTyB27wFXUUyl0uKIE6VkeCczDtazWTiZGD1M4onceJnp8KnHDf7CzLbpwzek2ZFWXTC5KrNDRc9q/Jf6Q=="
    },
    "node_modules/eventemitter3": {
      "version": "4.0.7",
      "resolved": "https://registry.npmjs.org/eventemitter3/-/eventemitter3-4.0.7.tgz",
      "integrity": "sha512-8guHBZCwKnFhYdHr2ysuRWErTwhoN2X8XELRlrRwpmfeY2jjuUN4taQMsULKUVo1K4DvZl+0pgfyoysHxvmvEw=="
    },
    "node_modules/node-addon-api": {
      "version": "7.0.0",
      "resolved": "https://registry.npmjs.org/node-addon-api/-/node-addon-api-7.0.0.tgz",
      "integrity": "sha512-vgbBJTS4m5/KkE16t5Ly0WW9hz46swAstv0hYYwMtbG7AznRhNyfLRe8HZAiWIpcHzoO7HxhLuBQj9rJ/Ho0ZA=="
    },
    "node_modules/node-gyp-build": {
      "version": "4.6.1",
      "resolved": "https://registry.npmjs.org/node-gyp-build/-/node-gyp-build-4.6.1.tgz",
      "integrity": "sha512-24vnklJmyRS8ViBNI8KbtK/r/DmXQMRiOMXTNz2nrTnAYUwjmEEbnnpB/+kt+yWRv73bPsSPRFddrcIbAxSiMQ==",
      "bin": {
        "node-gyp-build": "bin.js",
        "node-gyp-build-optional": "optional.js",
        "node-gyp-build-test": "build-test.js"
      }
    },
    "node_modules/usb": {
      "version": "2.11.0",
      "resolved": "https://registry.npmjs.org/usb/-/usb-2.11.0.tgz",
      "integrity": "sha512-u5+NZ6DtoW8TIBtuSArQGAZZ/K15i3lYvZBAYmcgI+RcDS9G50/KPrUd3CrU8M92ahyCvg5e0gc8BDvr5Hwejg==",
      "hasInstallScript": true,
      "dependencies": {
        "@types/w3c-web-usb": "^1.0.6",
        "node-addon-api": "^7.0.0",
        "node-gyp-build": "^4.5.0"
      },
      "engines": {
        "node": ">=12.22.0 <13.0 || >=14.17.0"
      }
    }
  },
  "dependencies": {
    "@node-escpos/adapter": {
      "version": "0.0.1",
      "resolved": "https://registry.npmjs.org/@node-escpos/adapter/-/adapter-0.0.1.tgz",
      "integrity": "sha512-I1RT6GjwxkzqCZBJ27XVDvSwPEzpP4aPJfjWCym5LY2Zj1o+fSXcIOMnR/U5cp4FZTFfERFcQpkDvMAHu+qnHA==",
      "requires": {
        "eventemitter3": "^4.0.7"
      }
    },
    "@node-escpos/usb-adapter": {
      "version": "0.3.1",
      "resolved": "https://registry.npmjs.org/@node-escpos/usb-adapter/-/usb-adapter-0.3.1.tgz",
      "integrity": "sha512-n1e3k73nN6RJAmbRNSrVD3zjlkFvDiXB9u2UsH4V2UxSqU4FFbBO6zn3aVMFJU/SAoIa5GWZqBnRvaH/Q9DAZw==",
      "requires": {
        "@node-escpos/adapter": "0.0.1",
        "usb": "*"
      }
    },
    "@types/w3c-web-usb": {
      "version": "1.0.8",
      "resolved": "https://registry.npmjs.org/@types/w3c-web-usb/-/w3c-web-usb-1.0.8.tgz",
      "integrity": "sha512-ouEoUTyB27wFXUUyl0uKIE6VkeCczDtazWTiZGD1M4onceJnp8KnHDf7CzLbpwzek2ZFWXTC5KrNDRc9q/Jf6Q=="
    },
    "eventemitter3": {
      "version": "4.0.7",
      "resolved": "https://registry.npmjs.org/eventemitter3/-/eventemitter3-4.0.7.tgz",
      "integrity": "sha512-8guHBZCwKnFhYdHr2ysuRWErTwhoN2X8XELRlrRwpmfeY2jjuUN4taQMsULKUVo1K4DvZl+0pgfyoysHxvmvEw=="
    },
    "node-addon-api": {
      "version": "7.0.0",
      "resolved": "https://registry.npmjs.org/node-addon-api/-/node-addon-api-7.0.0.tgz",
      "integrity": "sha512-vgbBJTS4m5/KkE16t5Ly0WW9hz46swAstv0hYYwMtbG7AznRhNyfLRe8HZAiWIpcHzoO7HxhLuBQj9rJ/Ho0ZA=="
    },
    "node-gyp-build": {
      "version": "4.6.1",
      "resolved": "https://registry.npmjs.org/node-gyp-build/-/node-gyp-build-4.6.1.tgz",
      "integrity": "sha512-24vnklJmyRS8ViBNI8KbtK/r/DmXQMRiOMXTNz2nrTnAYUwjmEEbnnpB/+kt+yWRv73bPsSPRFddrcIbAxSiMQ=="
    },
    "usb": {
      "version": "2.11.0",
      "resolved": "https://registry.npmjs.org/usb/-/usb-2.11.0.tgz",
      "integrity": "sha512-u5+NZ6DtoW8TIBtuSArQGAZZ/K15i3lYvZBAYmcgI+RcDS9G50/KPrUd3CrU8M92ahyCvg5e0gc8BDvr5Hwejg==",
      "requires": {
        "@types/w3c-web-usb": "^1.0.6",
        "node-addon-api": "^7.0.0",
        "node-gyp-build": "^4.5.0"
      }
    }
  }
}
